
Microsoft Visual Studio Solution File, Format Version 12.00
# Visual Studio 15
VisualStudioVersion = 15.0.28307.1300
MinimumVisualStudioVersion = 10.0.40219.1
Project("{FAE04EC0-301F-11D3-BF4B-00C04F79EFBC}") = "SerializationApp", "SerializationApp\SerializationApp.csproj", "{A0381E73-054F-4944-921D-2268A6BCBDC1}"
EndProject
Project("{FAE04EC0-301F-11D3-BF4B-00C04F79EFBC}") = "SerializationAppTests", "SerializationAppTests\SerializationAppTests.csproj", "{23BAD055-CF7F-4E05-B1F1-EAC9FF46AA21}"
EndProject
Global
	GlobalSection(SolutionConfigurationPlatforms) = preSolution
		Debug|Any CPU = Debug|Any CPU
		Release|Any CPU = Release|Any CPU
	EndGlobalSection
	GlobalSection(ProjectConfigurationPlatforms) = postSolution
		{A0381E73-054F-4944-921D-2268A6BCBDC1}.Debug|Any CPU.ActiveCfg = Debug|Any CPU
		{A0381E73-054F-4944-921D-2268A6BCBDC1}.Debug|Any CPU.Build.0 = Debug|Any CPU
		{A0381E73-054F-4944-921D-2268A6BCBDC1}.Release|Any CPU.ActiveCfg = Release|Any CPU
		{A0381E73-054F-4944-921D-2268A6BCBDC1}.Release|Any CPU.Build.0 = Release|Any CPU
		{23BAD055-CF7F-4E05-B1F1-EAC9FF46AA21}.Debug|Any CPU.ActiveCfg = Debug|Any CPU
		{23BAD055-CF7F-4E05-B1F1-EAC9FF46AA21}.Debug|Any CPU.Build.0 = Debug|Any CPU
		{23BAD055-CF7F-4E05-B1F1-EAC9FF46AA21}.Release|Any CPU.ActiveCfg = Release|Any CPU
		{23BAD055-CF7F-4E05-B1F1-EAC9FF46AA21}.Release|Any CPU.Build.0 = Release|Any CPU
	EndGlobalSection
	GlobalSection(SolutionProperties) = preSolution
		HideSolutionNode = FALSE
	EndGlobalSection
	GlobalSection(ExtensibilityGlobals) = postSolution
		SolutionGuid = {0BCC4902-D7B8-4021-93E2-FF97BA416060}
	EndGlobalSection
	GlobalSection(TeamFoundationVersionControl) = preSolution
		SccNumberOfProjects = 3
		SccEnterpriseProvider = {4CA58AB2-18FA-4F8D-95D4-32DDF27D184C}
		SccTeamFoundationServer = http://dev-tfs:8080/tfs/studentprojects
		SccLocalPath0 = .
		SccProjectUniqueName1 = SerializationApp\\SerializationApp.csproj
		SccProjectName1 = SerializationApp
		SccLocalPath1 = SerializationApp
		SccProjectUniqueName2 = SerializationAppTests\\SerializationAppTests.csproj
		SccProjectName2 = SerializationAppTests
		SccLocalPath2 = SerializationAppTests
	EndGlobalSection
EndGlobal
